PODS:
  - Flutter (1.0.0)
  - flutter_statusbarcolor_ns (0.0.1):
    - Flutter

DEPENDENCIES:
  - Flutter (from `Flutter`)
  - flutter_statusbarcolor_ns (from `.symlinks/plugins/flutter_statusbarcolor_ns/ios`)

EXTERNAL SOURCES:
  Flutter:
    :path: Flutter
  flutter_statusbarcolor_ns:
    :path: ".symlinks/plugins/flutter_statusbarcolor_ns/ios"

SPEC CHECKSUMS:
  Flutter: 434fef37c0980e73bb6479ef766c45957d4b510c
  flutter_statusbarcolor_ns: 68a360889d88d7915ae524e422aeab62e4063804

PODFILE CHECKSUM: aafe91acc616949ddb318b77800a7f51bffa2a4c

COCOAPODS: 1.10.1
